// !$*UTF8*$!
{
	archiveVersion = 1;
	classes = {
	};
	objectVersion = 56;
	objects = {

/* Begin PBXBuildFile section */
		3EF0EBB82949EBDE005C7632 /* SignInWithAppleApp.swift in Sources */ = {isa = PBXBuildFile; fileRef = 3EF0EBB72949EBDE005C7632 /* SignInWithAppleApp.swift */; };
		3EF0EBBA2949EBDE005C7632 /* ContentView.swift in Sources */ = {isa = PBXBuildFile; fileRef = 3EF0EBB92949EBDE005C7632 /* ContentView.swift */; };
		3EF0EBBC2949EBDE005C7632 /* Assets.xcassets in Resources */ = {isa = PBXBuildFile; fileRef = 3EF0EBBB2949EBDE005C7632 /* Assets.xcassets */; };
		3EF0EBBF2949EBDE005C7632 /* Preview Assets.xcassets in Resources */ = {isa = PBXBuildFile; fileRef = 3EF0EBBE2949EBDE005C7632 /* Preview Assets.xcassets */; };
		3EF0EBC92949EBDE005C7632 /* SignInWithAppleTests.swift in Sources */ = {isa = PBXBuildFile; fileRef = 3EF0EBC82949EBDE005C7632 /* SignInWithAppleTests.swift */; };
		3EF0EBD32949EBDE005C7632 /* SignInWithAppleUITests.swift in Sources */ = {isa = PBXBuildFile; fileRef = 3EF0EBD22949EBDE005C7632 /* SignInWithAppleUITests.swift */; };
		3EF0EBD52949EBDE005C7632 /* SignInWithAppleUITestsLaunchTests.swift in Sources */ = {isa = PBXBuildFile; fileRef = 3EF0EBD42949EBDE005C7632 /* SignInWithAppleUITestsLaunchTests.swift */; };
/* End PBXBuildFile section */

/* Begin PBXContainerItemProxy section */
		3EF0EBC52949EBDE005C7632 /* PBXContainerItemProxy */ = {
			isa = PBXContainerItemProxy;
			containerPortal = 3EF0EBAC2949EBDE005C7632 /* Project object */;
			proxyType = 1;
			remoteGlobalIDString = 3EF0EBB32949EBDE005C7632;
			remoteInfo = SignInWithApple;
		};
		3EF0EBCF2949EBDE005C7632 /* PBXContainerItemProxy */ = {
			isa = PBXContainerItemProxy;
			containerPortal = 3EF0EBAC2949EBDE005C7632 /* Project object */;
			proxyType = 1;
			remoteGlobalIDString = 3EF0EBB32949EBDE005C7632;
			remoteInfo = SignInWithApple;
		};
/* End PBXContainerItemProxy section */

/* Begin PBXFileReference section */
		3EF0EBB42949EBDE005C7632 /* SignInWithApple.app */ = {isa = PBXFileReference; explicitFileType = wrapper.application; includeInIndex = 0; path = SignInWithApple.app; sourceTree = BUILT_PRODUCTS_DIR; };
		3EF0EBB72949EBDE005C7632 /* SignInWithAppleApp.swift */ = {isa = PBXFileReference; lastKnownFileType = sourcecode.swift; path = SignInWithAppleApp.swift; sourceTree = "<group>"; };
		3EF0EBB92949EBDE005C7632 /* ContentView.swift */ = {isa = PBXFileReference; lastKnownFileType = sourcecode.swift; path = ContentView.swift; sourceTree = "<group>"; };
		3EF0EBBB2949EBDE005C7632 /* Assets.xcassets */ = {isa = PBXFileReference; lastKnownFileType = folder.assetcatalog; path = Assets.xcassets; sourceTree = "<group>"; };
		3EF0EBBE2949EBDE005C7632 /* Preview Assets.xcassets */ = {isa = PBXFileReference; lastKnownFileType = folder.assetcatalog; path = "Preview Assets.xcassets"; sourceTree = "<group>"; };
		3EF0EBC42949EBDE005C7632 /* SignInWithAppleTests.xctest */ = {isa = PBXFileReference; explicitFileType = wrapper.cfbundle; includeInIndex = 0; path = SignInWithAppleTests.xctest; sourceTree = BUILT_PRODUCTS_DIR; };
		3EF0EBC82949EBDE005C7632 /* SignInWithAppleTests.swift */ = {isa = PBXFileReference; lastKnownFileType = sourcecode.swift; path = SignInWithAppleTests.swift; sourceTree = "<group>"; };
		3EF0EBCE2949EBDE005C7632 /* SignInWithAppleUITests.xctest */ = {isa = PBXFileReference; explicitFileType = wrapper.cfbundle; includeInIndex = 0; path = SignInWithAppleUITests.xctest; sourceTree = BUILT_PRODUCTS_DIR; };
		3EF0EBD22949EBDE005C7632 /* SignInWithAppleUITests.swift */ = {isa = PBXFileReference; lastKnownFileType = sourcecode.swift; path = SignInWithAppleUITests.swift; sourceTree = "<group>"; };
		3EF0EBD42949EBDE005C7632 /* SignInWithAppleUITestsLaunchTests.swift */ = {isa = PBXFileReference; lastKnownFileType = sourcecode.swift; path = SignInWithAppleUITestsLaunchTests.swift; sourceTree = "<group>"; };
/* End PBXFileReference section */

/* Begin PBXFrameworksBuildPhase section */
		3EF0EBB12949EBDE005C7632 /* Frameworks */ = {
			isa = PBXFrameworksBuildPhase;
			buildActionMask = 2147483647;
			files = (
			);
			runOnlyForDeploymentPostprocessing = 0;
		};
		3EF0EBC12949EBDE005C7632 /* Frameworks */ = {
			isa = PBXFrameworksBuildPhase;
			buildActionMask = 2147483647;
			files = (
			);
			runOnlyForDeploymentPostprocessing = 0;
		};
		3EF0EBCB2949EBDE005C7632 /* Frameworks */ = {
			isa = PBXFrameworksBuildPhase;
			buildActionMask = 2147483647;
			files = (
			);
			runOnlyForDeploymentPostprocessing = 0;
		};
/* End PBXFrameworksBuildPhase section */

/* Begin PBXGroup section */
		3EF0EBAB2949EBDE005C7632 = {
			isa = PBXGroup;
			children = (
				3EF0EBB62949EBDE005C7632 /* SignInWithApple */,
				3EF0EBC72949EBDE005C7632 /* SignInWithAppleTests */,
				3EF0EBD12949EBDE005C7632 /* SignInWithAppleUITests */,
				3EF0EBB52949EBDE005C7632 /* Products */,
			);
			sourceTree = "<group>";
		};
		3EF0EBB52949EBDE005C7632 /* Products */ = {
			isa = PBXGroup;
			children = (
				3EF0EBB42949EBDE005C7632 /* SignInWithApple.app */,
				3EF0EBC42949EBDE005C7632 /* SignInWithAppleTests.xctest */,
				3EF0EBCE2949EBDE005C7632 /* SignInWithAppleUITests.xctest */,
			);
			name = Products;
			sourceTree = "<group>";
		};
		3EF0EBB62949EBDE005C7632 /* SignInWithApple */ = {
			isa = PBXGroup;
			children = (
				3EF0EBB72949EBDE005C7632 /* SignInWithAppleApp.swift */,
				3EF0EBB92949EBDE005C7632 /* ContentView.swift */,
				3EF0EBBB2949EBDE005C7632 /* Assets.xcassets */,
				3EF0EBBD2949EBDE005C7632 /* Preview Content */,
			);
			path = SignInWithApple;
			sourceTree = "<group>";
		};
		3EF0EBBD2949EBDE005C7632 /* Preview Content */ = {
			isa = PBXGroup;
			children = (
				3EF0EBBE2949EBDE005C7632 /* Preview Assets.xcassets */,
			);
			path = "Preview Content";
			sourceTree = "<group>";
		};
		3EF0EBC72949EBDE005C7632 /* SignInWithAppleTests */ = {
			isa = PBXGroup;
			children = (
				3EF0EBC82949EBDE005C7632 /* SignInWithAppleTests.swift */,
			);
			path = SignInWithAppleTests;
			sourceTree = "<group>";
		};
		3EF0EBD12949EBDE005C7632 /* SignInWithAppleUITests */ = {
			isa = PBXGroup;
			children = (
				3EF0EBD22949EBDE005C7632 /* SignInWithAppleUITests.swift */,
				3EF0EBD42949EBDE005C7632 /* SignInWithAppleUITestsLaunchTests.swift */,
			);
			path = SignInWithAppleUITests;
			sourceTree = "<group>";
		};
/* End PBXGroup section */

/* Begin PBXNativeTarget section */
		3EF0EBB32949EBDE005C7632 /* SignInWithApple */ = {
			isa = PBXNativeTarget;
			buildConfigurationList = 3EF0EBD82949EBDE005C7632 /* Build configuration list for PBXNativeTarget "SignInWithApple" */;
			buildPhases = (
				3EF0EBB02949EBDE005C7632 /* Sources */,
				3EF0EBB12949EBDE005C7632 /* Frameworks */,
				3EF0EBB22949EBDE005C7632 /* Resources */,
			);
			buildRules = (
			);
			dependencies = (
			);
			name = SignInWithApple;
			productName = SignInWithApple;
			productReference = 3EF0EBB42949EBDE005C7632 /* SignInWithApple.app */;
			productType = "com.apple.product-type.application";
		};
		3EF0EBC32949EBDE005C7632 /* SignInWithAppleTests */ = {
			isa = PBXNativeTarget;
			buildConfigurationList = 3EF0EBDB2949EBDE005C7632 /* Build configuration list for PBXNativeTarget "SignInWithAppleTests" */;
			buildPhases = (
				3EF0EBC02949EBDE005C7632 /* Sources */,
				3EF0EBC12949EBDE005C7632 /* Frameworks */,
				3EF0EBC22949EBDE005C7632 /* Resources */,
			);
			buildRules = (
			);
			dependencies = (
				3EF0EBC62949EBDE005C7632 /* PBXTargetDependency */,
			);
			name = SignInWithAppleTests;
			productName = SignInWithAppleTests;
			productReference = 3EF0EBC42949EBDE005C7632 /* SignInWithAppleTests.xctest */;
			productType = "com.apple.product-type.bundle.unit-test";
		};
		3EF0EBCD2949EBDE005C7632 /* SignInWithAppleUITests */ = {
			isa = PBXNativeTarget;
			buildConfigurationList = 3EF0EBDE2949EBDE005C7632 /* Build configuration list for PBXNativeTarget "SignInWithAppleUITests" */;
			buildPhases = (
				3EF0EBCA2949EBDE005C7632 /* Sources */,
				3EF0EBCB2949EBDE005C7632 /* Frameworks */,
				3EF0EBCC2949EBDE005C7632 /* Resources */,
			);
			buildRules = (
			);
			dependencies = (
				3EF0EBD02949EBDE005C7632 /* PBXTargetDependency */,
			);
			name = SignInWithAppleUITests;
			productName = SignInWithAppleUITests;
			productReference = 3EF0EBCE2949EBDE005C7632 /* SignInWithAppleUITests.xctest */;
			productType = "com.apple.product-type.bundle.ui-testing";
		};
/* End PBXNativeTarget section */

/* Begin PBXProject section */
		3EF0EBAC2949EBDE005C7632 /* Project object */ = {
			isa = PBXProject;
			attributes = {
				BuildIndependentTargetsInParallel = 1;
				LastSwiftUpdateCheck = 1410;
				LastUpgradeCheck = 1410;
				TargetAttributes = {
					3EF0EBB32949EBDE005C7632 = {
						CreatedOnToolsVersion = 14.1;
					};
					3EF0EBC32949EBDE005C7632 = {
						CreatedOnToolsVersion = 14.1;
						TestTargetID = 3EF0EBB32949EBDE005C7632;
					};
					3EF0EBCD2949EBDE005C7632 = {
						CreatedOnToolsVersion = 14.1;
						TestTargetID = 3EF0EBB32949EBDE005C7632;
					};
				};
			};
			buildConfigurationList = 3EF0EBAF2949EBDE005C7632 /* Build configuration list for PBXProject "SignInWithApple" */;
			compatibilityVersion = "Xcode 14.0";
			developmentRegion = en;
			hasScannedForEncodings = 0;
			knownRegions = (
				en,
				Base,
			);
			mainGroup = 3EF0EBAB2949EBDE005C7632;
			productRefGroup = 3EF0EBB52949EBDE005C7632 /* Products */;
			projectDirPath = "";
			projectRoot = "";
			targets = (
				3EF0EBB32949EBDE005C7632 /* SignInWithApple */,
				3EF0EBC32949EBDE005C7632 /* SignInWithAppleTests */,
				3EF0EBCD2949EBDE005C7632 /* SignInWithAppleUITests */,
			);
		};
/* End PBXProject section */

/* Begin PBXResourcesBuildPhase section */
		3EF0EBB22949EBDE005C7632 /* Resources */ = {
			isa = PBXResourcesBuildPhase;
			buildActionMask = 2147483647;
			files = (
				3EF0EBBF2949EBDE005C7632 /* Preview Assets.xcassets in Resources */,
				3EF0EBBC2949EBDE005C7632 /* Assets.xcassets in Resources */,
			);
			runOnlyForDeploymentPostprocessing = 0;
		};
		3EF0EBC22949EBDE005C7632 /* Resources */ = {
			isa = PBXResourcesBuildPhase;
			buildActionMask = 2147483647;
			files = (
			);
			runOnlyForDeploymentPostprocessing = 0;
		};
		3EF0EBCC2949EBDE005C7632 /* Resources */ = {
			isa = PBXResourcesBuildPhase;
			buildActionMask = 2147483647;
			files = (
			);
			runOnlyForDeploymentPostprocessing = 0;
		};
/* End PBXResourcesBuildPhase section */

/* Begin PBXSourcesBuildPhase section */
		3EF0EBB02949EBDE005C7632 /* Sources */ = {
			isa = PBXSourcesBuildPhase;
			buildActionMask = 2147483647;
			files = (
				3EF0EBBA2949EBDE005C7632 /* ContentView.swift in Sources */,
				3EF0EBB82949EBDE005C7632 /* SignInWithAppleApp.swift in Sources */,
			);
			runOnlyForDeploymentPostprocessing = 0;
		};
		3EF0EBC02949EBDE005C7632 /* Sources */ = {
			isa = PBXSourcesBuildPhase;
			buildActionMask = 2147483647;
			files = (
				3EF0EBC92949EBDE005C7632 /* SignInWithAppleTests.swift in Sources */,
			);
			runOnlyForDeploymentPostprocessing = 0;
		};
		3EF0EBCA2949EBDE005C7632 /* Sources */ = {
			isa = PBXSourcesBuildPhase;
			buildActionMask = 2147483647;
			files = (
				3EF0EBD32949EBDE005C7632 /* SignInWithAppleUITests.swift in Sources */,
				3EF0EBD52949EBDE005C7632 /* SignInWithAppleUITestsLaunchTests.swift in Sources */,
			);
			runOnlyForDeploymentPostprocessing = 0;
		};
/* End PBXSourcesBuildPhase section */

/* Begin PBXTargetDependency section */
		3EF0EBC62949EBDE005C7632 /* PBXTargetDependency */ = {
			isa = PBXTargetDependency;
			target = 3EF0EBB32949EBDE005C7632 /* SignInWithApple */;
			targetProxy = 3EF0EBC52949EBDE005C7632 /* PBXContainerItemProxy */;
		};
		3EF0EBD02949EBDE005C7632 /* PBXTargetDependency */ = {
			isa = PBXTargetDependency;
			target = 3EF0EBB32949EBDE005C7632 /* SignInWithApple */;
			targetProxy = 3EF0EBCF2949EBDE005C7632 /* PBXContainerItemProxy */;
		};
/* End PBXTargetDependency section */

/* Begin XCBuildConfiguration section */
		3EF0EBD62949EBDE005C7632 /* Debug */ = {
			isa = XCBuildConfiguration;
			buildSettings = {
				ALWAYS_SEARCH_USER_PATHS = NO;
				CLANG_ANALYZER_NONNULL = YES;
				CLANG_ANALYZER_NUMBER_OBJECT_CONVERSION = YES_AGGRESSIVE;
				CLANG_CXX_LANGUAGE_STANDARD = "gnu++20";
				CLANG_ENABLE_MODULES = YES;
				CLANG_ENABLE_OBJC_ARC = YES;
				CLANG_ENABLE_OBJC_WEAK = YES;
				CLANG_WARN_BLOCK_CAPTURE_AUTORELEASING = YES;
				CLANG_WARN_BOOL_CONVERSION = YES;
				CLANG_WARN_COMMA = YES;
				CLANG_WARN_CONSTANT_CONVERSION = YES;
				CLANG_WARN_DEPRECATED_OBJC_IMPLEMENTATIONS = YES;
				CLANG_WARN_DIRECT_OBJC_ISA_USAGE = YES_ERROR;
				CLANG_WARN_DOCUMENTATION_COMMENTS = YES;
				CLANG_WARN_EMPTY_BODY = YES;
				CLANG_WARN_ENUM_CONVERSION = YES;
				CLANG_WARN_INFINITE_RECURSION = YES;
				CLANG_WARN_INT_CONVERSION = YES;
				CLANG_WARN_NON_LITERAL_NULL_CONVERSION = YES;
				CLANG_WARN_OBJC_IMPLICIT_RETAIN_SELF = YES;
				CLANG_WARN_OBJC_LITERAL_CONVERSION = YES;
				CLANG_WARN_OBJC_ROOT_CLASS = YES_ERROR;
				CLANG_WARN_QUOTED_INCLUDE_IN_FRAMEWORK_HEADER = YES;
				CLANG_WARN_RANGE_LOOP_ANALYSIS = YES;
				CLANG_WARN_STRICT_PROTOTYPES = YES;
				CLANG_WARN_SUSPICIOUS_MOVE = YES;
				CLANG_WARN_UNGUARDED_AVAILABILITY = YES_AGGRESSIVE;
				CLANG_WARN_UNREACHABLE_CODE = YES;
				CLANG_WARN__DUPLICATE_METHOD_MATCH = YES;
				COPY_PHASE_STRIP = NO;
				DEBUG_INFORMATION_FORMAT = dwarf;
				ENABLE_STRICT_OBJC_MSGSEND = YES;
				ENABLE_TESTABILITY = YES;
				GCC_C_LANGUAGE_STANDARD = gnu11;
				GCC_DYNAMIC_NO_PIC = NO;
				GCC_NO_COMMON_BLOCKS = YES;
				GCC_OPTIMIZATION_LEVEL = 0;
				GCC_PREPROCESSOR_DEFINITIONS = (
					"DEBUG=1",
					"$(inherited)",
				);
				GCC_WARN_64_TO_32_BIT_CONVERSION = YES;
				GCC_WARN_ABOUT_RETURN_TYPE = YES_ERROR;
				GCC_WARN_UNDECLARED_SELECTOR = YES;
				GCC_WARN_UNINITIALIZED_AUTOS = YES_AGGRESSIVE;
				GCC_WARN_UNUSED_FUNCTION = YES;
				GCC_WARN_UNUSED_VARIABLE = YES;
				IPHONEOS_DEPLOYMENT_TARGET = 16.1;
				MTL_ENABLE_DEBUG_INFO = INCLUDE_SOURCE;
				MTL_FAST_MATH = YES;
				ONLY_ACTIVE_ARCH = YES;
				SDKROOT = iphoneos;
				SWIFT_ACTIVE_COMPILATION_CONDITIONS = DEBUG;
				SWIFT_OPTIMIZATION_LEVEL = "-Onone";
			};
			name = Debug;
		};
		3EF0EBD72949EBDE005C7632 /* Release */ = {
			isa = XCBuildConfiguration;
			buildSettings = {
				ALWAYS_SEARCH_USER_PATHS = NO;
				CLANG_ANALYZER_NONNULL = YES;
				CLANG_ANALYZER_NUMBER_OBJECT_CONVERSION = YES_AGGRESSIVE;
				CLANG_CXX_LANGUAGE_STANDARD = "gnu++20";
				CLANG_ENABLE_MODULES = YES;
				CLANG_ENABLE_OBJC_ARC = YES;
				CLANG_ENABLE_OBJC_WEAK = YES;
				CLANG_WARN_BLOCK_CAPTURE_AUTORELEASING = YES;
				CLANG_WARN_BOOL_CONVERSION = YES;
				CLANG_WARN_COMMA = YES;
				CLANG_WARN_CONSTANT_CONVERSION = YES;
				CLANG_WARN_DEPRECATED_OBJC_IMPLEMENTATIONS = YES;
				CLANG_WARN_DIRECT_OBJC_ISA_USAGE = YES_ERROR;
				CLANG_WARN_DOCUMENTATION_COMMENTS = YES;
				CLANG_WARN_EMPTY_BODY = YES;
				CLANG_WARN_ENUM_CONVERSION = YES;
				CLANG_WARN_INFINITE_RECURSION = YES;
				CLANG_WARN_INT_CONVERSION = YES;
				CLANG_WARN_NON_LITERAL_NULL_CONVERSION = YES;
				CLANG_WARN_OBJC_IMPLICIT_RETAIN_SELF = YES;
				CLANG_WARN_OBJC_LITERAL_CONVERSION = YES;
				CLANG_WARN_OBJC_ROOT_CLASS = YES_ERROR;
				CLANG_WARN_QUOTED_INCLUDE_IN_FRAMEWORK_HEADER = YES;
				CLANG_WARN_RANGE_LOOP_ANALYSIS = YES;
				CLANG_WARN_STRICT_PROTOTYPES = YES;
				CLANG_WARN_SUSPICIOUS_MOVE = YES;
				CLANG_WARN_UNGUARDED_AVAILABILITY = YES_AGGRESSIVE;
				CLANG_WARN_UNREACHABLE_CODE = YES;
				CLANG_WARN__DUPLICATE_METHOD_MATCH = YES;
				COPY_PHASE_STRIP = NO;
				DEBUG_INFORMATION_FORMAT = "dwarf-with-dsym";
				ENABLE_NS_ASSERTIONS = NO;
				ENABLE_STRICT_OBJC_MSGSEND = YES;
				GCC_C_LANGUAGE_STANDARD = gnu11;
				GCC_NO_COMMON_BLOCKS = YES;
				GCC_WARN_64_TO_32_BIT_CONVERSION = YES;
				GCC_WARN_ABOUT_RETURN_TYPE = YES_ERROR;
				GCC_WARN_UNDECLARED_SELECTOR = YES;
				GCC_WARN_UNINITIALIZED_AUTOS = YES_AGGRESSIVE;
				GCC_WARN_UNUSED_FUNCTION = YES;
				GCC_WARN_UNUSED_VARIABLE = YES;
				IPHONEOS_DEPLOYMENT_TARGET = 16.1;
				MTL_ENABLE_DEBUG_INFO = NO;
				MTL_FAST_MATH = YES;
				SDKROOT = iphoneos;
				SWIFT_COMPILATION_MODE = wholemodule;
				SWIFT_OPTIMIZATION_LEVEL = "-O";
				VALIDATE_PRODUCT = YES;
			};
			name = Release;
		};
		3EF0EBD92949EBDE005C7632 /* Debug */ = {
			isa = XCBuildConfiguration;
			buildSettings = {
				ASSETCATALOG_COMPILER_APPICON_NAME = AppIcon;
				ASSETCATALOG_COMPILER_GLOBAL_ACCENT_COLOR_NAME = AccentColor;
				CODE_SIGN_STYLE = Automatic;
				CURRENT_PROJECT_VERSION = 1;
				DEVELOPMENT_ASSET_PATHS = "\"SignInWithApple/Preview Content\"";
				DEVELOPMENT_TEAM = T74HYBPW22;
				ENABLE_PREVIEWS = YES;
				GENERATE_INFOPLIST_FILE = YES;
				INFOPLIST_KEY_UIApplicationSceneManifest_Generation = YES;
				INFOPLIST_KEY_UIApplicationSupportsIndirectInputEvents = YES;
				INFOPLIST_KEY_UILaunchScreen_Generation = YES;
				INFOPLIST_KEY_UISupportedInterfaceOrientations_iPad = "UIInterfaceOrientationPortrait UIInterfaceOrientationPortraitUpsideDown UIInterfaceOrientationLandscapeLeft UIInterfaceOrientationLandscapeRight";
				INFOPLIST_KEY_UISupportedInterfaceOrientations_iPhone = "UIInterfaceOrientationPortrait UIInterfaceOrientationLandscapeLeft UIInterfaceOrientationLandscapeRight";
				LD_RUNPATH_SEARCH_PATHS = (
					"$(inherited)",
					"@executable_path/Frameworks",
				);
				MARKETING_VERSION = 1.0;
				PRODUCT_BUNDLE_IDENTIFIER = ettari.simona.SignInWithApple;
				PRODUCT_NAME = "$(TARGET_NAME)";
				SWIFT_EMIT_LOC_STRINGS = YES;
				SWIFT_VERSION = 5.0;
				TARGETED_DEVICE_FAMILY = "1,2";
			};
			name = Debug;
		};
		3EF0EBDA2949EBDE005C7632 /* Release */ = {
			isa = XCBuildConfiguration;
			buildSettings = {
				ASSETCATALOG_COMPILER_APPICON_NAME = AppIcon;
				ASSETCATALOG_COMPILER_GLOBAL_ACCENT_COLOR_NAME = AccentColor;
				CODE_SIGN_STYLE = Automatic;
				CURRENT_PROJECT_VERSION = 1;
				DEVELOPMENT_ASSET_PATHS = "\"SignInWithApple/Preview Content\"";
				DEVELOPMENT_TEAM = T74HYBPW22;
				ENABLE_PREVIEWS = YES;
				GENERATE_INFOPLIST_FILE = YES;
				INFOPLIST_KEY_UIApplicationSceneManifest_Generation = YES;
				INFOPLIST_KEY_UIApplicationSupportsIndirectInputEvents = YES;
				INFOPLIST_KEY_UILaunchScreen_Generation = YES;
				INFOPLIST_KEY_UISupportedInterfaceOrientations_iPad = "UIInterfaceOrientationPortrait UIInterfaceOrientationPortraitUpsideDown UIInterfaceOrientationLandscapeLeft UIInterfaceOrientationLandscapeRight";
				INFOPLIST_KEY_UISupportedInterfaceOrientations_iPhone = "UIInterfaceOrientationPortrait UIInterfaceOrientationLandscapeLeft UIInterfaceOrientationLandscapeRight";
				LD_RUNPATH_SEARCH_PATHS = (
					"$(inherited)",
					"@executable_path/Frameworks",
				);
				MARKETING_VERSION = 1.0;
				PRODUCT_BUNDLE_IDENTIFIER = ettari.simona.SignInWithApple;
				PRODUCT_NAME = "$(TARGET_NAME)";
				SWIFT_EMIT_LOC_STRINGS = YES;
				SWIFT_VERSION = 5.0;
				TARGETED_DEVICE_FAMILY = "1,2";
			};
			name = Release;
		};
		3EF0EBDC2949EBDE005C7632 /* Debug */ = {
			isa = XCBuildConfiguration;
			buildSettings = {
				ALWAYS_EMBED_SWIFT_STANDARD_LIBRARIES = YES;
				BUNDLE_LOADER = "$(TEST_HOST)";
				CODE_SIGN_STYLE = Automatic;
				CURRENT_PROJECT_VERSION = 1;
				DEVELOPMENT_TEAM = T74HYBPW22;
				GENERATE_INFOPLIST_FILE = YES;
				IPHONEOS_DEPLOYMENT_TARGET = 16.1;
				MARKETING_VERSION = 1.0;
				PRODUCT_BUNDLE_IDENTIFIER = ettari.simona.SignInWithAppleTests;
				PRODUCT_NAME = "$(TARGET_NAME)";
				SWIFT_EMIT_LOC_STRINGS = NO;
				SWIFT_VERSION = 5.0;
				TARGETED_DEVICE_FAMILY = "1,2";
				TEST_HOST = "$(BUILT_PRODUCTS_DIR)/SignInWithApple.app/$(BUNDLE_EXECUTABLE_FOLDER_PATH)/SignInWithApple";
			};
			name = Debug;
		};
		3EF0EBDD2949EBDE005C7632 /* Release */ = {
			isa = XCBuildConfiguration;
			buildSettings = {
				ALWAYS_EMBED_SWIFT_STANDARD_LIBRARIES = YES;
				BUNDLE_LOADER = "$(TEST_HOST)";
				CODE_SIGN_STYLE = Automatic;
				CURRENT_PROJECT_VERSION = 1;
				DEVELOPMENT_TEAM = T74HYBPW22;
				GENERATE_INFOPLIST_FILE = YES;
				IPHONEOS_DEPLOYMENT_TARGET = 16.1;
				MARKETING_VERSION = 1.0;
				PRODUCT_BUNDLE_IDENTIFIER = ettari.simona.SignInWithAppleTests;
				PRODUCT_NAME = "$(TARGET_NAME)";
				SWIFT_EMIT_LOC_STRINGS = NO;
				SWIFT_VERSION = 5.0;
				TARGETED_DEVICE_FAMILY = "1,2";
				TEST_HOST = "$(BUILT_PRODUCTS_DIR)/SignInWithApple.app/$(BUNDLE_EXECUTABLE_FOLDER_PATH)/SignInWithApple";
			};
			name = Release;
		};
		3EF0EBDF2949EBDE005C7632 /* Debug */ = {
			isa = XCBuildConfiguration;
			buildSettings = {
				ALWAYS_EMBED_SWIFT_STANDARD_LIBRARIES = YES;
				CODE_SIGN_STYLE = Automatic;
				CURRENT_PROJECT_VERSION = 1;
				DEVELOPMENT_TEAM = T74HYBPW22;
				GENERATE_INFOPLIST_FILE = YES;
				MARKETING_VERSION = 1.0;
				PRODUCT_BUNDLE_IDENTIFIER = ettari.simona.SignInWithAppleUITests;
				PRODUCT_NAME = "$(TARGET_NAME)";
				SWIFT_EMIT_LOC_STRINGS = NO;
				SWIFT_VERSION = 5.0;
				TARGETED_DEVICE_FAMILY = "1,2";
				TEST_TARGET_NAME = SignInWithApple;
			};
			name = Debug;
		};
		3EF0EBE02949EBDE005C7632 /* Release */ = {
			isa = XCBuildConfiguration;
			buildSettings = {
				ALWAYS_EMBED_SWIFT_STANDARD_LIBRARIES = YES;
				CODE_SIGN_STYLE = Automatic;
				CURRENT_PROJECT_VERSION = 1;
				DEVELOPMENT_TEAM = T74HYBPW22;
				GENERATE_INFOPLIST_FILE = YES;
				MARKETING_VERSION = 1.0;
				PRODUCT_BUNDLE_IDENTIFIER = ettari.simona.SignInWithAppleUITests;
				PRODUCT_NAME = "$(TARGET_NAME)";
				SWIFT_EMIT_LOC_STRINGS = NO;
				SWIFT_VERSION = 5.0;
				TARGETED_DEVICE_FAMILY = "1,2";
				TEST_TARGET_NAME = SignInWithApple;
			};
			name = Release;
		};
/* End XCBuildConfiguration section */

/* Begin XCConfigurationList section */
		3EF0EBAF2949EBDE005C7632 /* Build configuration list for PBXProject "SignInWithApple" */ = {
			isa = XCConfigurationList;
			buildConfigurations = (
				3EF0EBD62949EBDE005C7632 /* Debug */,
				3EF0EBD72949EBDE005C7632 /* Release */,
			);
			defaultConfigurationIsVisible = 0;
			defaultConfigurationName = Release;
		};
		3EF0EBD82949EBDE005C7632 /* Build configuration list for PBXNativeTarget "SignInWithApple" */ = {
			isa = XCConfigurationList;
			buildConfigurations = (
				3EF0EBD92949EBDE005C7632 /* Debug */,
				3EF0EBDA2949EBDE005C7632 /* Release */,
			);
			defaultConfigurationIsVisible = 0;
			defaultConfigurationName = Release;
		};
		3EF0EBDB2949EBDE005C7632 /* Build configuration list for PBXNativeTarget "SignInWithAppleTests" */ = {
			isa = XCConfigurationList;
			buildConfigurations = (
				3EF0EBDC2949EBDE005C7632 /* Debug */,
				3EF0EBDD2949EBDE005C7632 /* Release */,
			);
			defaultConfigurationIsVisible = 0;
			defaultConfigurationName = Release;
		};
		3EF0EBDE2949EBDE005C7632 /* Build configuration list for PBXNativeTarget "SignInWithAppleUITests" */ = {
			isa = XCConfigurationList;
			buildConfigurations = (
				3EF0EBDF2949EBDE005C7632 /* Debug */,
				3EF0EBE02949EBDE005C7632 /* Release */,
			);
			defaultConfigurationIsVisible = 0;
			defaultConfigurationName = Release;
		};
/* End XCConfigurationList section */
	};
	rootObject = 3EF0EBAC2949EBDE005C7632 /* Project object */;
}
